
Microsoft Visual Studio Solution File, Format Version 12.00
# Visual Studio Version 17
VisualStudioVersion = 17.8.34525.116
MinimumVisualStudioVersion = 10.0.40219.1
Project("{FAE04EC0-301F-11D3-BF4B-00C04F79EFBC}") = "L02P2_2021GB650_2021CZ601", "L02P2_2021GB650_2021CZ601.csproj", "{42D269ED-75DE-42FE-8049-0AC1A2DED3C0}"
EndProject
Global
	GlobalSection(SolutionConfigurationPlatforms) = preSolution
		Debug|Any CPU = Debug|Any CPU
		Release|Any CPU = Release|Any CPU
	EndGlobalSection
	GlobalSection(ProjectConfigurationPlatforms) = postSolution
		{42D269ED-75DE-42FE-8049-0AC1A2DED3C0}.Debug|Any CPU.ActiveCfg = Debug|Any CPU
		{42D269ED-75DE-42FE-8049-0AC1A2DED3C0}.Debug|Any CPU.Build.0 = Debug|Any CPU
		{42D269ED-75DE-42FE-8049-0AC1A2DED3C0}.Release|Any CPU.ActiveCfg = Release|Any CPU
		{42D269ED-75DE-42FE-8049-0AC1A2DED3C0}.Release|Any CPU.Build.0 = Release|Any CPU
	EndGlobalSection
	GlobalSection(SolutionProperties) = preSolution
		HideSolutionNode = FALSE
	EndGlobalSection
	GlobalSection(ExtensibilityGlobals) = postSolution
		SolutionGuid = {39EFD6D7-9F71-491F-8544-B826928FC1C7}
	EndGlobalSection
EndGlobal
